
Microsoft Visual Studio Solution File, Format Version 12.00
# Visual Studio Version 16
VisualStudioVersion = 16.0.31005.135
MinimumVisualStudioVersion = 15.0.26124.0
Project("{9A19103F-16F7-4668-BE54-9A1E7A4F7556}") = "PrettyPrintPlugin", "PrettyPrintPlugin\PrettyPrintPlugin.csproj", "{0CC010BB-C374-47F8-8F90-CE23ECBBA912}"
EndProject
Global
	GlobalSection(SolutionConfigurationPlatforms) = preSolution
		Debug|Any CPU = Debug|Any CPU
		Debug|x64 = Debug|x64
		Debug|x86 = Debug|x86
		Release|Any CPU = Release|Any CPU
		Release|x64 = Release|x64
		Release|x86 = Release|x86
	EndGlobalSection
	GlobalSection(ProjectConfigurationPlatforms) = postSolution
		{0CC010BB-C374-47F8-8F90-CE23ECBBA912}.Debug|Any CPU.ActiveCfg = Debug|Any CPU
		{0CC010BB-C374-47F8-8F90-CE23ECBBA912}.Debug|Any CPU.Build.0 = Debug|Any CPU
		{0CC010BB-C374-47F8-8F90-CE23ECBBA912}.Debug|x64.ActiveCfg = Debug|Any CPU
		{0CC010BB-C374-47F8-8F90-CE23ECBBA912}.Debug|x64.Build.0 = Debug|Any CPU
		{0CC010BB-C374-47F8-8F90-CE23ECBBA912}.Debug|x86.ActiveCfg = Debug|Any CPU
		{0CC010BB-C374-47F8-8F90-CE23ECBBA912}.Debug|x86.Build.0 = Debug|Any CPU
		{0CC010BB-C374-47F8-8F90-CE23ECBBA912}.Release|Any CPU.ActiveCfg = Release|Any CPU
		{0CC010BB-C374-47F8-8F90-CE23ECBBA912}.Release|Any CPU.Build.0 = Release|Any CPU
		{0CC010BB-C374-47F8-8F90-CE23ECBBA912}.Release|x64.ActiveCfg = Release|Any CPU
		{0CC010BB-C374-47F8-8F90-CE23ECBBA912}.Release|x64.Build.0 = Release|Any CPU
		{0CC010BB-C374-47F8-8F90-CE23ECBBA912}.Release|x86.ActiveCfg = Release|Any CPU
		{0CC010BB-C374-47F8-8F90-CE23ECBBA912}.Release|x86.Build.0 = Release|Any CPU
	EndGlobalSection
	GlobalSection(SolutionProperties) = preSolution
		HideSolutionNode = FALSE
	EndGlobalSection
	GlobalSection(ExtensibilityGlobals) = postSolution
		SolutionGuid = {DB51BBC4-1527-4DFE-ABBA-C35D06EC2849}
	EndGlobalSection
EndGlobal
